
Microsoft Visual Studio Solution File, Format Version 12.00
# Visual Studio Version 17
VisualStudioVersion = 17.11.35327.3
MinimumVisualStudioVersion = 10.0.40219.1
Project("{FAE04EC0-301F-11D3-BF4B-00C04F79EFBC}") = "Advent of Code 2024", "Advent of Code 2024\Advent of Code 2024.csproj", "{9248FF8D-DE82-472F-B4E0-0CF2B9E264CC}"
EndProject
Project("{2150E333-8FDC-42A3-9474-1A3956D46DE8}") = "Solution Items", "Solution Items", "{FFBDD287-F58B-4C38-A990-63712C6BA68F}"
	ProjectSection(SolutionItems) = preProject
		.gitignore = .gitignore
	EndProjectSection
EndProject
Global
	GlobalSection(SolutionConfigurationPlatforms) = preSolution
		Debug|Any CPU = Debug|Any CPU
		Release|Any CPU = Release|Any CPU
	EndGlobalSection
	GlobalSection(ProjectConfigurationPlatforms) = postSolution
		{9248FF8D-DE82-472F-B4E0-0CF2B9E264CC}.Debug|Any CPU.ActiveCfg = Debug|Any CPU
		{9248FF8D-DE82-472F-B4E0-0CF2B9E264CC}.Debug|Any CPU.Build.0 = Debug|Any CPU
		{9248FF8D-DE82-472F-B4E0-0CF2B9E264CC}.Release|Any CPU.ActiveCfg = Release|Any CPU
		{9248FF8D-DE82-472F-B4E0-0CF2B9E264CC}.Release|Any CPU.Build.0 = Release|Any CPU
	EndGlobalSection
	GlobalSection(SolutionProperties) = preSolution
		HideSolutionNode = FALSE
	EndGlobalSection
	GlobalSection(ExtensibilityGlobals) = postSolution
		SolutionGuid = {FAF77A93-9B36-4684-9FA7-36F022658F81}
	EndGlobalSection
EndGlobal
